
Microsoft Visual Studio Solution File, Format Version 12.00
# Visual Studio Version 17
VisualStudioVersion = 17.10.35013.160
MinimumVisualStudioVersion = 10.0.40219.1
Project("{FAE04EC0-301F-11D3-BF4B-00C04F79EFBC}") = "TaskExecutor", "TaskExecutor\TaskExecutor.csproj", "{B91C274D-1B06-4AD6-B9C5-BFC1299B524B}"
EndProject
Global
	GlobalSection(SolutionConfigurationPlatforms) = preSolution
		Debug|Any CPU = Debug|Any CPU
		Release|Any CPU = Release|Any CPU
	EndGlobalSection
	GlobalSection(ProjectConfigurationPlatforms) = postSolution
		{B91C274D-1B06-4AD6-B9C5-BFC1299B524B}.Debug|Any CPU.ActiveCfg = Debug|Any CPU
		{B91C274D-1B06-4AD6-B9C5-BFC1299B524B}.Debug|Any CPU.Build.0 = Debug|Any CPU
		{B91C274D-1B06-4AD6-B9C5-BFC1299B524B}.Release|Any CPU.ActiveCfg = Release|Any CPU
		{B91C274D-1B06-4AD6-B9C5-BFC1299B524B}.Release|Any CPU.Build.0 = Release|Any CPU
	EndGlobalSection
	GlobalSection(SolutionProperties) = preSolution
		HideSolutionNode = FALSE
	EndGlobalSection
	GlobalSection(ExtensibilityGlobals) = postSolution
		SolutionGuid = {B56827BD-E245-424B-805F-33B2F777AA2D}
	EndGlobalSection
EndGlobal
